
Microsoft Visual Studio Solution File, Format Version 12.00
# Visual Studio 15
VisualStudioVersion = 15.0.28307.421
MinimumVisualStudioVersion = 10.0.40219.1
Project("{9A19103F-16F7-4668-BE54-9A1E7A4F7556}") = "Coursework", "Coursework\Coursework.csproj", "{C3102648-6AD4-4511-A2E1-F14D3A66169A}"
EndProject
Global
	GlobalSection(SolutionConfigurationPlatforms) = preSolution
		Debug|Any CPU = Debug|Any CPU
		Release|Any CPU = Release|Any CPU
	EndGlobalSection
	GlobalSection(ProjectConfigurationPlatforms) = postSolution
		{C3102648-6AD4-4511-A2E1-F14D3A66169A}.Debug|Any CPU.ActiveCfg = Debug|Any CPU
		{C3102648-6AD4-4511-A2E1-F14D3A66169A}.Debug|Any CPU.Build.0 = Debug|Any CPU
		{C3102648-6AD4-4511-A2E1-F14D3A66169A}.Release|Any CPU.ActiveCfg = Release|Any CPU
		{C3102648-6AD4-4511-A2E1-F14D3A66169A}.Release|Any CPU.Build.0 = Release|Any CPU
	EndGlobalSection
	GlobalSection(SolutionProperties) = preSolution
		HideSolutionNode = FALSE
	EndGlobalSection
	GlobalSection(ExtensibilityGlobals) = postSolution
		SolutionGuid = {1FA9FBEB-4CA1-41FD-A208-FCB40844F882}
	EndGlobalSection
EndGlobal
